// !$*UTF8*$!
{
	archiveVersion = 1;
	classes = {
	};
	objectVersion = 56;
	objects = {

/* Begin PBXBuildFile section */
		263F996C2A779986000DCAF9 /* AppDelegate.swift in Sources */ = {isa = PBXBuildFile; fileRef = 263F996B2A779986000DCAF9 /* AppDelegate.swift */; };
		263F996E2A779986000DCAF9 /* SceneDelegate.swift in Sources */ = {isa = PBXBuildFile; fileRef = 263F996D2A779986000DCAF9 /* SceneDelegate.swift */; };
		263F99702A779986000DCAF9 /* MainViewController.swift in Sources */ = {isa = PBXBuildFile; fileRef = 263F996F2A779986000DCAF9 /* MainViewController.swift */; };
		263F99732A779986000DCAF9 /* Main.storyboard in Resources */ = {isa = PBXBuildFile; fileRef = 263F99712A779986000DCAF9 /* Main.storyboard */; };
		263F99752A779988000DCAF9 /* Assets.xcassets in Resources */ = {isa = PBXBuildFile; fileRef = 263F99742A779988000DCAF9 /* Assets.xcassets */; };
		263F99782A779988000DCAF9 /* LaunchScreen.storyboard in Resources */ = {isa = PBXBuildFile; fileRef = 263F99762A779988000DCAF9 /* LaunchScreen.storyboard */; };
		263F99802A779AFB000DCAF9 /* DetailViewController.swift in Sources */ = {isa = PBXBuildFile; fileRef = 263F997F2A779AFB000DCAF9 /* DetailViewController.swift */; };
		263F99822A779B0F000DCAF9 /* SearchViewController.swift in Sources */ = {isa = PBXBuildFile; fileRef = 263F99812A779B0F000DCAF9 /* SearchViewController.swift */; };
		263F99852A779B29000DCAF9 /* MainCollectionViewCell.swift in Sources */ = {isa = PBXBuildFile; fileRef = 263F99832A779B29000DCAF9 /* MainCollectionViewCell.swift */; };
		263F99862A779B29000DCAF9 /* MainCollectionViewCell.xib in Resources */ = {isa = PBXBuildFile; fileRef = 263F99842A779B29000DCAF9 /* MainCollectionViewCell.xib */; };
		263F99882A779B4D000DCAF9 /* Movie.swift in Sources */ = {isa = PBXBuildFile; fileRef = 263F99872A779B4D000DCAF9 /* Movie.swift */; };
		263F998A2A779BA2000DCAF9 /* MovieInfo.swift in Sources */ = {isa = PBXBuildFile; fileRef = 263F99892A779BA2000DCAF9 /* MovieInfo.swift */; };
		26E770172A7A407D00CAD199 /* TVCCombinationCVC.storyboard in Resources */ = {isa = PBXBuildFile; fileRef = 26E770162A7A407D00CAD199 /* TVCCombinationCVC.storyboard */; };
		26E7701B2A7A414B00CAD199 /* TVCCombinationCVCViewController.swift in Sources */ = {isa = PBXBuildFile; fileRef = 26E7701A2A7A414B00CAD199 /* TVCCombinationCVCViewController.swift */; };
		26E7702D2A7A48B300CAD199 /* TopTableViewCell.swift in Sources */ = {isa = PBXBuildFile; fileRef = 26E7702C2A7A48B300CAD199 /* TopTableViewCell.swift */; };
		26E7702F2A7A496000CAD199 /* TopCollectionViewCell.swift in Sources */ = {isa = PBXBuildFile; fileRef = 26E7702E2A7A496000CAD199 /* TopCollectionViewCell.swift */; };
		26E770332A7A582D00CAD199 /* BottomTableViewCell.swift in Sources */ = {isa = PBXBuildFile; fileRef = 26E770322A7A582D00CAD199 /* BottomTableViewCell.swift */; };
/* End PBXBuildFile section */

/* Begin PBXFileReference section */
		263F99682A779986000DCAF9 /* CollectionViewMission.app */ = {isa = PBXFileReference; explicitFileType = wrapper.application; includeInIndex = 0; path = CollectionViewMission.app; sourceTree = BUILT_PRODUCTS_DIR; };
		263F996B2A779986000DCAF9 /* AppDelegate.swift */ = {isa = PBXFileReference; lastKnownFileType = sourcecode.swift; path = AppDelegate.swift; sourceTree = "<group>"; };
		263F996D2A779986000DCAF9 /* SceneDelegate.swift */ = {isa = PBXFileReference; lastKnownFileType = sourcecode.swift; path = SceneDelegate.swift; sourceTree = "<group>"; };
		263F996F2A779986000DCAF9 /* MainViewController.swift */ = {isa = PBXFileReference; lastKnownFileType = sourcecode.swift; path = MainViewController.swift; sourceTree = "<group>"; };
		263F99722A779986000DCAF9 /* Base */ = {isa = PBXFileReference; lastKnownFileType = file.storyboard; name = Base; path = Base.lproj/Main.storyboard; sourceTree = "<group>"; };
		263F99742A779988000DCAF9 /* Assets.xcassets */ = {isa = PBXFileReference; lastKnownFileType = folder.assetcatalog; path = Assets.xcassets; sourceTree = "<group>"; };
		263F99772A779988000DCAF9 /* Base */ = {isa = PBXFileReference; lastKnownFileType = file.storyboard; name = Base; path = Base.lproj/LaunchScreen.storyboard; sourceTree = "<group>"; };
		263F99792A779988000DCAF9 /* Info.plist */ = {isa = PBXFileReference; lastKnownFileType = text.plist.xml; path = Info.plist; sourceTree = "<group>"; };
		263F997F2A779AFB000DCAF9 /* DetailViewController.swift */ = {isa = PBXFileReference; lastKnownFileType = sourcecode.swift; path = DetailViewController.swift; sourceTree = "<group>"; };
		263F99812A779B0F000DCAF9 /* SearchViewController.swift */ = {isa = PBXFileReference; lastKnownFileType = sourcecode.swift; path = SearchViewController.swift; sourceTree = "<group>"; };
		263F99832A779B29000DCAF9 /* MainCollectionViewCell.swift */ = {isa = PBXFileReference; lastKnownFileType = sourcecode.swift; path = MainCollectionViewCell.swift; sourceTree = "<group>"; };
		263F99842A779B29000DCAF9 /* MainCollectionViewCell.xib */ = {isa = PBXFileReference; lastKnownFileType = file.xib; path = MainCollectionViewCell.xib; sourceTree = "<group>"; };
		263F99872A779B4D000DCAF9 /* Movie.swift */ = {isa = PBXFileReference; lastKnownFileType = sourcecode.swift; path = Movie.swift; sourceTree = "<group>"; };
		263F99892A779BA2000DCAF9 /* MovieInfo.swift */ = {isa = PBXFileReference; lastKnownFileType = sourcecode.swift; path = MovieInfo.swift; sourceTree = "<group>"; };
		26E770162A7A407D00CAD199 /* TVCCombinationCVC.storyboard */ = {isa = PBXFileReference; lastKnownFileType = file.storyboard; path = TVCCombinationCVC.storyboard; sourceTree = "<group>"; };
		26E7701A2A7A414B00CAD199 /* TVCCombinationCVCViewController.swift */ = {isa = PBXFileReference; lastKnownFileType = sourcecode.swift; path = TVCCombinationCVCViewController.swift; sourceTree = "<group>"; };
		26E7702C2A7A48B300CAD199 /* TopTableViewCell.swift */ = {isa = PBXFileReference; lastKnownFileType = sourcecode.swift; path = TopTableViewCell.swift; sourceTree = "<group>"; };
		26E7702E2A7A496000CAD199 /* TopCollectionViewCell.swift */ = {isa = PBXFileReference; lastKnownFileType = sourcecode.swift; path = TopCollectionViewCell.swift; sourceTree = "<group>"; };
		26E770322A7A582D00CAD199 /* BottomTableViewCell.swift */ = {isa = PBXFileReference; lastKnownFileType = sourcecode.swift; path = BottomTableViewCell.swift; sourceTree = "<group>"; };
/* End PBXFileReference section */

/* Begin PBXFrameworksBuildPhase section */
		263F99652A779986000DCAF9 /* Frameworks */ = {
			isa = PBXFrameworksBuildPhase;
			buildActionMask = 2147483647;
			files = (
			);
			runOnlyForDeploymentPostprocessing = 0;
		};
/* End PBXFrameworksBuildPhase section */

/* Begin PBXGroup section */
		263F995F2A779986000DCAF9 = {
			isa = PBXGroup;
			children = (
				263F996A2A779986000DCAF9 /* CollectionViewMission */,
				263F99692A779986000DCAF9 /* Products */,
			);
			sourceTree = "<group>";
		};
		263F99692A779986000DCAF9 /* Products */ = {
			isa = PBXGroup;
			children = (
				263F99682A779986000DCAF9 /* CollectionViewMission.app */,
			);
			name = Products;
			sourceTree = "<group>";
		};
		263F996A2A779986000DCAF9 /* CollectionViewMission */ = {
			isa = PBXGroup;
			children = (
				26E770192A7A411700CAD199 /* MovieVC */,
				26E770182A7A408000CAD199 /* TVC+CVC */,
				263F996B2A779986000DCAF9 /* AppDelegate.swift */,
				263F996D2A779986000DCAF9 /* SceneDelegate.swift */,
				263F99712A779986000DCAF9 /* Main.storyboard */,
				263F99742A779988000DCAF9 /* Assets.xcassets */,
				263F99762A779988000DCAF9 /* LaunchScreen.storyboard */,
				263F99792A779988000DCAF9 /* Info.plist */,
			);
			path = CollectionViewMission;
			sourceTree = "<group>";
		};
		26E770182A7A408000CAD199 /* TVC+CVC */ = {
			isa = PBXGroup;
			children = (
				26E770162A7A407D00CAD199 /* TVCCombinationCVC.storyboard */,
				26E7701A2A7A414B00CAD199 /* TVCCombinationCVCViewController.swift */,
				26E770312A7A580F00CAD199 /* BottomTableViewCell */,
				26E770302A7A57F800CAD199 /* TopTableViewCell */,
			);
			path = "TVC+CVC";
			sourceTree = "<group>";
		};
		26E770192A7A411700CAD199 /* MovieVC */ = {
			isa = PBXGroup;
			children = (
				263F996F2A779986000DCAF9 /* MainViewController.swift */,
				263F997F2A779AFB000DCAF9 /* DetailViewController.swift */,
				263F99812A779B0F000DCAF9 /* SearchViewController.swift */,
				263F99832A779B29000DCAF9 /* MainCollectionViewCell.swift */,
				263F99842A779B29000DCAF9 /* MainCollectionViewCell.xib */,
				263F99872A779B4D000DCAF9 /* Movie.swift */,
				263F99892A779BA2000DCAF9 /* MovieInfo.swift */,
			);
			path = MovieVC;
			sourceTree = "<group>";
		};
		26E770302A7A57F800CAD199 /* TopTableViewCell */ = {
			isa = PBXGroup;
			children = (
				26E7702C2A7A48B300CAD199 /* TopTableViewCell.swift */,
				26E7702E2A7A496000CAD199 /* TopCollectionViewCell.swift */,
			);
			path = TopTableViewCell;
			sourceTree = "<group>";
		};
		26E770312A7A580F00CAD199 /* BottomTableViewCell */ = {
			isa = PBXGroup;
			children = (
				26E770322A7A582D00CAD199 /* BottomTableViewCell.swift */,
			);
			path = BottomTableViewCell;
			sourceTree = "<group>";
		};
/* End PBXGroup section */

/* Begin PBXNativeTarget section */
		263F99672A779986000DCAF9 /* CollectionViewMission */ = {
			isa = PBXNativeTarget;
			buildConfigurationList = 263F997C2A779988000DCAF9 /* Build configuration list for PBXNativeTarget "CollectionViewMission" */;
			buildPhases = (
				263F99642A779986000DCAF9 /* Sources */,
				263F99652A779986000DCAF9 /* Frameworks */,
				263F99662A779986000DCAF9 /* Resources */,
			);
			buildRules = (
			);
			dependencies = (
			);
			name = CollectionViewMission;
			productName = CollectionViewMission;
			productReference = 263F99682A779986000DCAF9 /* CollectionViewMission.app */;
			productType = "com.apple.product-type.application";
		};
/* End PBXNativeTarget section */

/* Begin PBXProject section */
		263F99602A779986000DCAF9 /* Project object */ = {
			isa = PBXProject;
			attributes = {
				BuildIndependentTargetsInParallel = 1;
				LastSwiftUpdateCheck = 1430;
				LastUpgradeCheck = 1430;
				TargetAttributes = {
					263F99672A779986000DCAF9 = {
						CreatedOnToolsVersion = 14.3.1;
					};
				};
			};
			buildConfigurationList = 263F99632A779986000DCAF9 /* Build configuration list for PBXProject "CollectionViewMission" */;
			compatibilityVersion = "Xcode 14.0";
			developmentRegion = en;
			hasScannedForEncodings = 0;
			knownRegions = (
				en,
				Base,
			);
			mainGroup = 263F995F2A779986000DCAF9;
			productRefGroup = 263F99692A779986000DCAF9 /* Products */;
			projectDirPath = "";
			projectRoot = "";
			targets = (
				263F99672A779986000DCAF9 /* CollectionViewMission */,
			);
		};
/* End PBXProject section */

/* Begin PBXResourcesBuildPhase section */
		263F99662A779986000DCAF9 /* Resources */ = {
			isa = PBXResourcesBuildPhase;
			buildActionMask = 2147483647;
			files = (
				263F99782A779988000DCAF9 /* LaunchScreen.storyboard in Resources */,
				263F99752A779988000DCAF9 /* Assets.xcassets in Resources */,
				263F99732A779986000DCAF9 /* Main.storyboard in Resources */,
				263F99862A779B29000DCAF9 /* MainCollectionViewCell.xib in Resources */,
				26E770172A7A407D00CAD199 /* TVCCombinationCVC.storyboard in Resources */,
			);
			runOnlyForDeploymentPostprocessing = 0;
		};
/* End PBXResourcesBuildPhase section */

/* Begin PBXSourcesBuildPhase section */
		263F99642A779986000DCAF9 /* Sources */ = {
			isa = PBXSourcesBuildPhase;
			buildActionMask = 2147483647;
			files = (
				26E770332A7A582D00CAD199 /* BottomTableViewCell.swift in Sources */,
				263F99882A779B4D000DCAF9 /* Movie.swift in Sources */,
				26E7702D2A7A48B300CAD199 /* TopTableViewCell.swift in Sources */,
				263F99822A779B0F000DCAF9 /* SearchViewController.swift in Sources */,
				263F99852A779B29000DCAF9 /* MainCollectionViewCell.swift in Sources */,
				263F99702A779986000DCAF9 /* MainViewController.swift in Sources */,
				263F996C2A779986000DCAF9 /* AppDelegate.swift in Sources */,
				263F996E2A779986000DCAF9 /* SceneDelegate.swift in Sources */,
				263F998A2A779BA2000DCAF9 /* MovieInfo.swift in Sources */,
				263F99802A779AFB000DCAF9 /* DetailViewController.swift in Sources */,
				26E7702F2A7A496000CAD199 /* TopCollectionViewCell.swift in Sources */,
				26E7701B2A7A414B00CAD199 /* TVCCombinationCVCViewController.swift in Sources */,
			);
			runOnlyForDeploymentPostprocessing = 0;
		};
/* End PBXSourcesBuildPhase section */

/* Begin PBXVariantGroup section */
		263F99712A779986000DCAF9 /* Main.storyboard */ = {
			isa = PBXVariantGroup;
			children = (
				263F99722A779986000DCAF9 /* Base */,
			);
			name = Main.storyboard;
			sourceTree = "<group>";
		};
		263F99762A779988000DCAF9 /* LaunchScreen.storyboard */ = {
			isa = PBXVariantGroup;
			children = (
				263F99772A779988000DCAF9 /* Base */,
			);
			name = LaunchScreen.storyboard;
			sourceTree = "<group>";
		};
/* End PBXVariantGroup section */

/* Begin XCBuildConfiguration section */
		263F997A2A779988000DCAF9 /* Debug */ = {
			isa = XCBuildConfiguration;
			buildSettings = {
				ALWAYS_SEARCH_USER_PATHS = NO;
				CLANG_ANALYZER_NONNULL = YES;
				CLANG_ANALYZER_NUMBER_OBJECT_CONVERSION = YES_AGGRESSIVE;
				CLANG_CXX_LANGUAGE_STANDARD = "gnu++20";
				CLANG_ENABLE_MODULES = YES;
				CLANG_ENABLE_OBJC_ARC = YES;
				CLANG_ENABLE_OBJC_WEAK = YES;
				CLANG_WARN_BLOCK_CAPTURE_AUTORELEASING = YES;
				CLANG_WARN_BOOL_CONVERSION = YES;
				CLANG_WARN_COMMA = YES;
				CLANG_WARN_CONSTANT_CONVERSION = YES;
				CLANG_WARN_DEPRECATED_OBJC_IMPLEMENTATIONS = YES;
				CLANG_WARN_DIRECT_OBJC_ISA_USAGE = YES_ERROR;
				CLANG_WARN_DOCUMENTATION_COMMENTS = YES;
				CLANG_WARN_EMPTY_BODY = YES;
				CLANG_WARN_ENUM_CONVERSION = YES;
				CLANG_WARN_INFINITE_RECURSION = YES;
				CLANG_WARN_INT_CONVERSION = YES;
				CLANG_WARN_NON_LITERAL_NULL_CONVERSION = YES;
				CLANG_WARN_OBJC_IMPLICIT_RETAIN_SELF = YES;
				CLANG_WARN_OBJC_LITERAL_CONVERSION = YES;
				CLANG_WARN_OBJC_ROOT_CLASS = YES_ERROR;
				CLANG_WARN_QUOTED_INCLUDE_IN_FRAMEWORK_HEADER = YES;
				CLANG_WARN_RANGE_LOOP_ANALYSIS = YES;
				CLANG_WARN_STRICT_PROTOTYPES = YES;
				CLANG_WARN_SUSPICIOUS_MOVE = YES;
				CLANG_WARN_UNGUARDED_AVAILABILITY = YES_AGGRESSIVE;
				CLANG_WARN_UNREACHABLE_CODE = YES;
				CLANG_WARN__DUPLICATE_METHOD_MATCH = YES;
				COPY_PHASE_STRIP = NO;
				DEBUG_INFORMATION_FORMAT = dwarf;
				ENABLE_STRICT_OBJC_MSGSEND = YES;
				ENABLE_TESTABILITY = YES;
				GCC_C_LANGUAGE_STANDARD = gnu11;
				GCC_DYNAMIC_NO_PIC = NO;
				GCC_NO_COMMON_BLOCKS = YES;
				GCC_OPTIMIZATION_LEVEL = 0;
				GCC_PREPROCESSOR_DEFINITIONS = (
					"DEBUG=1",
					"$(inherited)",
				);
				GCC_WARN_64_TO_32_BIT_CONVERSION = YES;
				GCC_WARN_ABOUT_RETURN_TYPE = YES_ERROR;
				GCC_WARN_UNDECLARED_SELECTOR = YES;
				GCC_WARN_UNINITIALIZED_AUTOS = YES_AGGRESSIVE;
				GCC_WARN_UNUSED_FUNCTION = YES;
				GCC_WARN_UNUSED_VARIABLE = YES;
				IPHONEOS_DEPLOYMENT_TARGET = 16.4;
				MTL_ENABLE_DEBUG_INFO = INCLUDE_SOURCE;
				MTL_FAST_MATH = YES;
				ONLY_ACTIVE_ARCH = YES;
				SDKROOT = iphoneos;
				SWIFT_ACTIVE_COMPILATION_CONDITIONS = DEBUG;
				SWIFT_OPTIMIZATION_LEVEL = "-Onone";
			};
			name = Debug;
		};
		263F997B2A779988000DCAF9 /* Release */ = {
			isa = XCBuildConfiguration;
			buildSettings = {
				ALWAYS_SEARCH_USER_PATHS = NO;
				CLANG_ANALYZER_NONNULL = YES;
				CLANG_ANALYZER_NUMBER_OBJECT_CONVERSION = YES_AGGRESSIVE;
				CLANG_CXX_LANGUAGE_STANDARD = "gnu++20";
				CLANG_ENABLE_MODULES = YES;
				CLANG_ENABLE_OBJC_ARC = YES;
				CLANG_ENABLE_OBJC_WEAK = YES;
				CLANG_WARN_BLOCK_CAPTURE_AUTORELEASING = YES;
				CLANG_WARN_BOOL_CONVERSION = YES;
				CLANG_WARN_COMMA = YES;
				CLANG_WARN_CONSTANT_CONVERSION = YES;
				CLANG_WARN_DEPRECATED_OBJC_IMPLEMENTATIONS = YES;
				CLANG_WARN_DIRECT_OBJC_ISA_USAGE = YES_ERROR;
				CLANG_WARN_DOCUMENTATION_COMMENTS = YES;
				CLANG_WARN_EMPTY_BODY = YES;
				CLANG_WARN_ENUM_CONVERSION = YES;
				CLANG_WARN_INFINITE_RECURSION = YES;
				CLANG_WARN_INT_CONVERSION = YES;
				CLANG_WARN_NON_LITERAL_NULL_CONVERSION = YES;
				CLANG_WARN_OBJC_IMPLICIT_RETAIN_SELF = YES;
				CLANG_WARN_OBJC_LITERAL_CONVERSION = YES;
				CLANG_WARN_OBJC_ROOT_CLASS = YES_ERROR;
				CLANG_WARN_QUOTED_INCLUDE_IN_FRAMEWORK_HEADER = YES;
				CLANG_WARN_RANGE_LOOP_ANALYSIS = YES;
				CLANG_WARN_STRICT_PROTOTYPES = YES;
				CLANG_WARN_SUSPICIOUS_MOVE = YES;
				CLANG_WARN_UNGUARDED_AVAILABILITY = YES_AGGRESSIVE;
				CLANG_WARN_UNREACHABLE_CODE = YES;
				CLANG_WARN__DUPLICATE_METHOD_MATCH = YES;
				COPY_PHASE_STRIP = NO;
				DEBUG_INFORMATION_FORMAT = "dwarf-with-dsym";
				ENABLE_NS_ASSERTIONS = NO;
				ENABLE_STRICT_OBJC_MSGSEND = YES;
				GCC_C_LANGUAGE_STANDARD = gnu11;
				GCC_NO_COMMON_BLOCKS = YES;
				GCC_WARN_64_TO_32_BIT_CONVERSION = YES;
				GCC_WARN_ABOUT_RETURN_TYPE = YES_ERROR;
				GCC_WARN_UNDECLARED_SELECTOR = YES;
				GCC_WARN_UNINITIALIZED_AUTOS = YES_AGGRESSIVE;
				GCC_WARN_UNUSED_FUNCTION = YES;
				GCC_WARN_UNUSED_VARIABLE = YES;
				IPHONEOS_DEPLOYMENT_TARGET = 16.4;
				MTL_ENABLE_DEBUG_INFO = NO;
				MTL_FAST_MATH = YES;
				SDKROOT = iphoneos;
				SWIFT_COMPILATION_MODE = wholemodule;
				SWIFT_OPTIMIZATION_LEVEL = "-O";
				VALIDATE_PRODUCT = YES;
			};
			name = Release;
		};
		263F997D2A779988000DCAF9 /* Debug */ = {
			isa = XCBuildConfiguration;
			buildSettings = {
				ASSETCATALOG_COMPILER_APPICON_NAME = AppIcon;
				ASSETCATALOG_COMPILER_GLOBAL_ACCENT_COLOR_NAME = AccentColor;
				CODE_SIGN_STYLE = Automatic;
				CURRENT_PROJECT_VERSION = 1;
				GENERATE_INFOPLIST_FILE = YES;
				INFOPLIST_FILE = CollectionViewMission/Info.plist;
				INFOPLIST_KEY_UIApplicationSupportsIndirectInputEvents = YES;
				INFOPLIST_KEY_UILaunchStoryboardName = LaunchScreen;
				INFOPLIST_KEY_UIMainStoryboardFile = Main;
				INFOPLIST_KEY_UISupportedInterfaceOrientations_iPad = "UIInterfaceOrientationPortrait UIInterfaceOrientationPortraitUpsideDown UIInterfaceOrientationLandscapeLeft UIInterfaceOrientationLandscapeRight";
				INFOPLIST_KEY_UISupportedInterfaceOrientations_iPhone = "UIInterfaceOrientationPortrait UIInterfaceOrientationLandscapeLeft UIInterfaceOrientationLandscapeRight";
				LD_RUNPATH_SEARCH_PATHS = (
					"$(inherited)",
					"@executable_path/Frameworks",
				);
				MARKETING_VERSION = 1.0;
				PRODUCT_BUNDLE_IDENTIFIER = com.present.CollectionViewMission;
				PRODUCT_NAME = "$(TARGET_NAME)";
				SWIFT_EMIT_LOC_STRINGS = YES;
				SWIFT_VERSION = 5.0;
				TARGETED_DEVICE_FAMILY = "1,2";
			};
			name = Debug;
		};
		263F997E2A779988000DCAF9 /* Release */ = {
			isa = XCBuildConfiguration;
			buildSettings = {
				ASSETCATALOG_COMPILER_APPICON_NAME = AppIcon;
				ASSETCATALOG_COMPILER_GLOBAL_ACCENT_COLOR_NAME = AccentColor;
				CODE_SIGN_STYLE = Automatic;
				CURRENT_PROJECT_VERSION = 1;
				GENERATE_INFOPLIST_FILE = YES;
				INFOPLIST_FILE = CollectionViewMission/Info.plist;
				INFOPLIST_KEY_UIApplicationSupportsIndirectInputEvents = YES;
				INFOPLIST_KEY_UILaunchStoryboardName = LaunchScreen;
				INFOPLIST_KEY_UIMainStoryboardFile = Main;
				INFOPLIST_KEY_UISupportedInterfaceOrientations_iPad = "UIInterfaceOrientationPortrait UIInterfaceOrientationPortraitUpsideDown UIInterfaceOrientationLandscapeLeft UIInterfaceOrientationLandscapeRight";
				INFOPLIST_KEY_UISupportedInterfaceOrientations_iPhone = "UIInterfaceOrientationPortrait UIInterfaceOrientationLandscapeLeft UIInterfaceOrientationLandscapeRight";
				LD_RUNPATH_SEARCH_PATHS = (
					"$(inherited)",
					"@executable_path/Frameworks",
				);
				MARKETING_VERSION = 1.0;
				PRODUCT_BUNDLE_IDENTIFIER = com.present.CollectionViewMission;
				PRODUCT_NAME = "$(TARGET_NAME)";
				SWIFT_EMIT_LOC_STRINGS = YES;
				SWIFT_VERSION = 5.0;
				TARGETED_DEVICE_FAMILY = "1,2";
			};
			name = Release;
		};
/* End XCBuildConfiguration section */

/* Begin XCConfigurationList section */
		263F99632A779986000DCAF9 /* Build configuration list for PBXProject "CollectionViewMission" */ = {
			isa = XCConfigurationList;
			buildConfigurations = (
				263F997A2A779988000DCAF9 /* Debug */,
				263F997B2A779988000DCAF9 /* Release */,
			);
			defaultConfigurationIsVisible = 0;
			defaultConfigurationName = Release;
		};
		263F997C2A779988000DCAF9 /* Build configuration list for PBXNativeTarget "CollectionViewMission" */ = {
			isa = XCConfigurationList;
			buildConfigurations = (
				263F997D2A779988000DCAF9 /* Debug */,
				263F997E2A779988000DCAF9 /* Release */,
			);
			defaultConfigurationIsVisible = 0;
			defaultConfigurationName = Release;
		};
/* End XCConfigurationList section */
	};
	rootObject = 263F99602A779986000DCAF9 /* Project object */;
}
